{
  "requires": true,
  "lockfileVersion": 1,
  "dependencies": {
    "@ngrx/component-store": {
      "version": "10.0.0",
      "resolved": "https://registry.npmjs.org/@ngrx/component-store/-/component-store-10.0.0.tgz",
      "integrity": "sha512-m4AvA9I0aAazPERkbyPJzhQzrnbLfzkpgAIDjNDX0jYfPx10F0AYbXsKiqCEcIWSbikhqac5NXTduKyidZzn3g==",
      "requires": {
        "tslib": "^2.0.0"
      }
    },
    "bootstrap": {
      "version": "4.5.2",
      "resolved": "https://registry.npmjs.org/bootstrap/-/bootstrap-4.5.2.tgz",
      "integrity": "sha512-vlGn0bcySYl/iV+BGA544JkkZP5LB3jsmkeKLFQakCOwCM3AOk7VkldBz4jrzSe+Z0Ezn99NVXa1o45cQY4R6A=="
    },
    "tslib": {
      "version": "2.0.1",
      "resolved": "https://registry.npmjs.org/tslib/-/tslib-2.0.1.tgz",
      "integrity": "sha512-SgIkNheinmEBgx1IUNirK0TUD4X9yjjBRTqqjggWCU3pUEqIk3/Uwl3yRixYKT6WjQuGiwDv4NomL3wqRCj+CQ=="
    }
  }
}
