{
  "requires": true,
  "lockfileVersion": 1,
  "dependencies": {
    "@ngrx/component-store": {
      "version": "10.0.0",
      "resolved": "https://registry.npmjs.org/@ngrx/component-store/-/component-store-10.0.0.tgz",
      "integrity": "sha512-m4AvA9I0aAazPERkbyPJzhQzrnbLfzkpgAIDjNDX0jYfPx10F0AYbXsKiqCEcIWSbikhqac5NXTduKyidZzn3g==",
      "requires": {
        "tslib": "^2.0.0"
      }
    },
    "ag-grid-angular": {
      "version": "24.0.0",
      "resolved": "https://registry.npmjs.org/ag-grid-angular/-/ag-grid-angular-24.0.0.tgz",
      "integrity": "sha512-uQseymhgVIcOWGAgYsWA2hCu6SlJHBlgLM0LtBqi7NH5+xzPO4DiF1j985K1AVWXwuF96n6geV5Db1QZRJRu4Q==",
      "requires": {
        "tslib": "^1.10.0"
      },
      "dependencies": {
        "tslib": {
          "version": "1.13.0",
          "resolved": "https://registry.npmjs.org/tslib/-/tslib-1.13.0.tgz",
          "integrity": "sha512-i/6DQjL8Xf3be4K/E6Wgpekn5Qasl1usyw++dAA35Ue5orEn65VIxOA+YvNNl9HV3qv70T7CNwjODHZrLwvd1Q=="
        }
      }
    },
    "ag-grid-community": {
      "version": "24.0.0",
      "resolved": "https://registry.npmjs.org/ag-grid-community/-/ag-grid-community-24.0.0.tgz",
      "integrity": "sha512-TNNqTp918PCRicH/vE8fs1pu/hbWMc9Iem7gCjGsjlabBrGhMxCq7tYiBtguERuxdszbSImznjampnc0NvOoFg=="
    },
    "bootstrap": {
      "version": "4.5.2",
      "resolved": "https://registry.npmjs.org/bootstrap/-/bootstrap-4.5.2.tgz",
      "integrity": "sha512-vlGn0bcySYl/iV+BGA544JkkZP5LB3jsmkeKLFQakCOwCM3AOk7VkldBz4jrzSe+Z0Ezn99NVXa1o45cQY4R6A=="
    },
    "tslib": {
      "version": "2.0.1",
      "resolved": "https://registry.npmjs.org/tslib/-/tslib-2.0.1.tgz",
      "integrity": "sha512-SgIkNheinmEBgx1IUNirK0TUD4X9yjjBRTqqjggWCU3pUEqIk3/Uwl3yRixYKT6WjQuGiwDv4NomL3wqRCj+CQ=="
    }
  }
}
